
Microsoft Visual Studio Solution File, Format Version 12.00
# Visual Studio Version 16
VisualStudioVersion = 16.0.31424.327
MinimumVisualStudioVersion = 10.0.40219.1
Project("{FAE04EC0-301F-11D3-BF4B-00C04F79EFBC}") = "HkmpTransitionAlerts", "HkmpTransitionAlerts.csproj", "{D39DF60A-508B-40A7-89D7-9C566B89A4C6}"
EndProject
Global
	GlobalSection(SolutionConfigurationPlatforms) = preSolution
		Debug|Any CPU = Debug|Any CPU
		Release|Any CPU = Release|Any CPU
	EndGlobalSection
	GlobalSection(ProjectConfigurationPlatforms) = postSolution
		{D39DF60A-508B-40A7-89D7-9C566B89A4C6}.Debug|Any CPU.ActiveCfg = Debug|Any CPU
		{D39DF60A-508B-40A7-89D7-9C566B89A4C6}.Debug|Any CPU.Build.0 = Debug|Any CPU
		{D39DF60A-508B-40A7-89D7-9C566B89A4C6}.Release|Any CPU.ActiveCfg = Release|Any CPU
		{D39DF60A-508B-40A7-89D7-9C566B89A4C6}.Release|Any CPU.Build.0 = Release|Any CPU
	EndGlobalSection
	GlobalSection(SolutionProperties) = preSolution
		HideSolutionNode = FALSE
	EndGlobalSection
	GlobalSection(ExtensibilityGlobals) = postSolution
		SolutionGuid = {500D2E2F-C46B-43ED-B1B3-A2367E97ABC5}
	EndGlobalSection
EndGlobal
